
Microsoft Visual Studio Solution File, Format Version 12.00
# Visual Studio 15
VisualStudioVersion = 15.0.27004.2005
MinimumVisualStudioVersion = 10.0.40219.1
Project("{8BC9CEB8-8B4A-11D0-8D11-00A0C91BC942}") = "Monopoly", "Monopoly\Monopoly.vcxproj", "{6DE74A4C-6FB9-4C91-9A1C-A3E1EE93783A}"
EndProject
Global
	GlobalSection(SolutionConfigurationPlatforms) = preSolution
		Debug|x64 = Debug|x64
		Debug|x86 = Debug|x86
		Release|x64 = Release|x64
		Release|x86 = Release|x86
	EndGlobalSection
	GlobalSection(ProjectConfigurationPlatforms) = postSolution
		{6DE74A4C-6FB9-4C91-9A1C-A3E1EE93783A}.Debug|x64.ActiveCfg = Debug|x64
		{6DE74A4C-6FB9-4C91-9A1C-A3E1EE93783A}.Debug|x64.Build.0 = Debug|x64
		{6DE74A4C-6FB9-4C91-9A1C-A3E1EE93783A}.Debug|x86.ActiveCfg = Debug|Win32
		{6DE74A4C-6FB9-4C91-9A1C-A3E1EE93783A}.Debug|x86.Build.0 = Debug|Win32
		{6DE74A4C-6FB9-4C91-9A1C-A3E1EE93783A}.Release|x64.ActiveCfg = Release|x64
		{6DE74A4C-6FB9-4C91-9A1C-A3E1EE93783A}.Release|x64.Build.0 = Release|x64
		{6DE74A4C-6FB9-4C91-9A1C-A3E1EE93783A}.Release|x86.ActiveCfg = Release|Win32
		{6DE74A4C-6FB9-4C91-9A1C-A3E1EE93783A}.Release|x86.Build.0 = Release|Win32
	EndGlobalSection
	GlobalSection(SolutionProperties) = preSolution
		HideSolutionNode = FALSE
	EndGlobalSection
	GlobalSection(ExtensibilityGlobals) = postSolution
		SolutionGuid = {FF7EF987-7A67-43B9-95E1-2535D59787AE}
	EndGlobalSection
EndGlobal
